# This file is autogenerated, do not edit; changes may be undone by the next 'dep ensure'.


[[projects]]
  branch = "master"
  name = "golang.org/x/mobile"
  packages = [
    "asset",
    "internal/mobileinit"
  ]
  revision = "371a4e8cb797fc2ab3793091822fda6179a73102"

[[projects]]
  name = "gopkg.in/yaml.v2"
  packages = ["."]
  revision = "5420a8b6744d3b0345ab293f6fcba19c978f1183"
  version = "v2.2.1"

[solve-meta]
  analyzer-name = "dep"
  analyzer-version = 1
  inputs-digest = "a15bab2a3e9899d0fd0b1ed6a60a9836bc94a9a2ce8e342e985bb595293c7c05"
  solver-name = "gps-cdcl"
  solver-version = 1
